
Microsoft Visual Studio Solution File, Format Version 12.00
# Visual Studio Version 16
VisualStudioVersion = 16.0.29326.143
MinimumVisualStudioVersion = 10.0.40219.1
Project("{2150E333-8FDC-42A3-9474-1A3956D46DE8}") = "src", "src", "{B7AB09B6-B6D6-45F8-A7ED-FF74186DD710}"
EndProject
Project("{9A19103F-16F7-4668-BE54-9A1E7A4F7556}") = "AutoStep", "src\AutoStep\AutoStep.csproj", "{84C1FA95-86AC-4F62-AA4B-43CAE1E8872A}"
EndProject
Project("{2150E333-8FDC-42A3-9474-1A3956D46DE8}") = "tests", "tests", "{379393AA-F9FE-4FC3-A078-9FC3086A948B}"
EndProject
Project("{9A19103F-16F7-4668-BE54-9A1E7A4F7556}") = "AutoStep.Tests", "tests\AutoStep.Tests\AutoStep.Tests.csproj", "{51675B89-B4D1-4177-8851-75A1C3AD14A9}"
EndProject
Project("{2150E333-8FDC-42A3-9474-1A3956D46DE8}") = "Solution Items", "Solution Items", "{B325ED87-DF44-45DE-97D7-0B3ECB33EBB8}"
	ProjectSection(SolutionItems) = preProject
		.editorconfig = .editorconfig
		Analysis.ruleset = Analysis.ruleset
		.github\workflows\dotnetcore-pull.yml = .github\workflows\dotnetcore-pull.yml
		.github\workflows\dotnetcore.yml = .github\workflows\dotnetcore.yml
		GitVersion.yml = GitVersion.yml
		LICENSE = LICENSE
		README.md = README.md
	EndProjectSection
EndProject
Project("{9A19103F-16F7-4668-BE54-9A1E7A4F7556}") = "AutoStep.Benchmarks", "tests\AutoStep.Benchmarks\AutoStep.Benchmarks.csproj", "{6E33D397-17E7-4FF7-BDD6-378FBBD7143E}"
EndProject
Project("{9A19103F-16F7-4668-BE54-9A1E7A4F7556}") = "AutoStep.Compiler.Tests.DefinedSteps", "tests\AutoStep.Compiler.Tests.DefinedSteps\AutoStep.Compiler.Tests.DefinedSteps.csproj", "{B8B3CB37-E75A-4DE2-A9C4-3B2AA47CBE7E}"
EndProject
Project("{2150E333-8FDC-42A3-9474-1A3956D46DE8}") = "tools", "tools", "{F99CA4C3-5280-4AD3-AA99-A19F5696E790}"
EndProject
Project("{9A19103F-16F7-4668-BE54-9A1E7A4F7556}") = "ExtensionMethodsGenerator", "tools\ExtensionMethodsGenerator\ExtensionMethodsGenerator.csproj", "{5D1155A0-148F-47BD-A520-4D7783D92CE5}"
EndProject
Global
	GlobalSection(SolutionConfigurationPlatforms) = preSolution
		Debug|Any CPU = Debug|Any CPU
		Release|Any CPU = Release|Any CPU
	EndGlobalSection
	GlobalSection(ProjectConfigurationPlatforms) = postSolution
		{84C1FA95-86AC-4F62-AA4B-43CAE1E8872A}.Debug|Any CPU.ActiveCfg = Debug|Any CPU
		{84C1FA95-86AC-4F62-AA4B-43CAE1E8872A}.Debug|Any CPU.Build.0 = Debug|Any CPU
		{84C1FA95-86AC-4F62-AA4B-43CAE1E8872A}.Release|Any CPU.ActiveCfg = Release|Any CPU
		{84C1FA95-86AC-4F62-AA4B-43CAE1E8872A}.Release|Any CPU.Build.0 = Release|Any CPU
		{51675B89-B4D1-4177-8851-75A1C3AD14A9}.Debug|Any CPU.ActiveCfg = Debug|Any CPU
		{51675B89-B4D1-4177-8851-75A1C3AD14A9}.Debug|Any CPU.Build.0 = Debug|Any CPU
		{51675B89-B4D1-4177-8851-75A1C3AD14A9}.Release|Any CPU.ActiveCfg = Release|Any CPU
		{51675B89-B4D1-4177-8851-75A1C3AD14A9}.Release|Any CPU.Build.0 = Release|Any CPU
		{6E33D397-17E7-4FF7-BDD6-378FBBD7143E}.Debug|Any CPU.ActiveCfg = Debug|Any CPU
		{6E33D397-17E7-4FF7-BDD6-378FBBD7143E}.Debug|Any CPU.Build.0 = Debug|Any CPU
		{6E33D397-17E7-4FF7-BDD6-378FBBD7143E}.Release|Any CPU.ActiveCfg = Release|Any CPU
		{6E33D397-17E7-4FF7-BDD6-378FBBD7143E}.Release|Any CPU.Build.0 = Release|Any CPU
		{B8B3CB37-E75A-4DE2-A9C4-3B2AA47CBE7E}.Debug|Any CPU.ActiveCfg = Debug|Any CPU
		{B8B3CB37-E75A-4DE2-A9C4-3B2AA47CBE7E}.Debug|Any CPU.Build.0 = Debug|Any CPU
		{B8B3CB37-E75A-4DE2-A9C4-3B2AA47CBE7E}.Release|Any CPU.ActiveCfg = Release|Any CPU
		{B8B3CB37-E75A-4DE2-A9C4-3B2AA47CBE7E}.Release|Any CPU.Build.0 = Release|Any CPU
		{5D1155A0-148F-47BD-A520-4D7783D92CE5}.Debug|Any CPU.ActiveCfg = Debug|Any CPU
		{5D1155A0-148F-47BD-A520-4D7783D92CE5}.Debug|Any CPU.Build.0 = Debug|Any CPU
		{5D1155A0-148F-47BD-A520-4D7783D92CE5}.Release|Any CPU.ActiveCfg = Release|Any CPU
		{5D1155A0-148F-47BD-A520-4D7783D92CE5}.Release|Any CPU.Build.0 = Release|Any CPU
	EndGlobalSection
	GlobalSection(SolutionProperties) = preSolution
		HideSolutionNode = FALSE
	EndGlobalSection
	GlobalSection(NestedProjects) = preSolution
		{84C1FA95-86AC-4F62-AA4B-43CAE1E8872A} = {B7AB09B6-B6D6-45F8-A7ED-FF74186DD710}
		{51675B89-B4D1-4177-8851-75A1C3AD14A9} = {379393AA-F9FE-4FC3-A078-9FC3086A948B}
		{6E33D397-17E7-4FF7-BDD6-378FBBD7143E} = {379393AA-F9FE-4FC3-A078-9FC3086A948B}
		{B8B3CB37-E75A-4DE2-A9C4-3B2AA47CBE7E} = {379393AA-F9FE-4FC3-A078-9FC3086A948B}
		{5D1155A0-148F-47BD-A520-4D7783D92CE5} = {F99CA4C3-5280-4AD3-AA99-A19F5696E790}
	EndGlobalSection
	GlobalSection(ExtensibilityGlobals) = postSolution
		SolutionGuid = {99035EAA-06A5-490D-9FEE-3EED01E71657}
	EndGlobalSection
EndGlobal
